
Microsoft Visual Studio Solution File, Format Version 11.00
# Visual Studio 2010
Project("{FAE04EC0-301F-11D3-BF4B-00C04F79EFBC}") = "BankingExercise", "BankingExercise\BankingExercise.csproj", "{908A2887-78ED-4579-9EF3-6779F6ED8E58}"
EndProject
Project("{FAE04EC0-301F-11D3-BF4B-00C04F79EFBC}") = "BankingCore", "BankingCore\BankingCore.csproj", "{05B5C986-BE18-410E-8803-5F173561541A}"
EndProject
Project("{FAE04EC0-301F-11D3-BF4B-00C04F79EFBC}") = "BankingCoreTests", "BankingCoreTests\BankingCoreTests.csproj", "{AA0877D7-0FEE-4A85-9C24-DD71103B80DD}"
EndProject
Project("{2150E333-8FDC-42A3-9474-1A3956D46DE8}") = "Test Projects", "Test Projects", "{76725DF6-1506-47D9-A32A-EA487A7DBD02}"
EndProject
Project("{2150E333-8FDC-42A3-9474-1A3956D46DE8}") = "Library Projects", "Library Projects", "{BD03BC51-03A0-4E31-AC4E-A53E82654F6F}"
EndProject
Project("{2150E333-8FDC-42A3-9474-1A3956D46DE8}") = "Application Projects", "Application Projects", "{B5EB8934-81A7-455F-8D2E-BB04A392947C}"
EndProject
Global
	GlobalSection(SolutionConfigurationPlatforms) = preSolution
		Debug|Any CPU = Debug|Any CPU
		Debug|Mixed Platforms = Debug|Mixed Platforms
		Debug|x86 = Debug|x86
		Release|Any CPU = Release|Any CPU
		Release|Mixed Platforms = Release|Mixed Platforms
		Release|x86 = Release|x86
	EndGlobalSection
	GlobalSection(ProjectConfigurationPlatforms) = postSolution
		{908A2887-78ED-4579-9EF3-6779F6ED8E58}.Debug|Any CPU.ActiveCfg = Debug|x86
		{908A2887-78ED-4579-9EF3-6779F6ED8E58}.Debug|Mixed Platforms.ActiveCfg = Debug|x86
		{908A2887-78ED-4579-9EF3-6779F6ED8E58}.Debug|Mixed Platforms.Build.0 = Debug|x86
		{908A2887-78ED-4579-9EF3-6779F6ED8E58}.Debug|x86.ActiveCfg = Debug|x86
		{908A2887-78ED-4579-9EF3-6779F6ED8E58}.Debug|x86.Build.0 = Debug|x86
		{908A2887-78ED-4579-9EF3-6779F6ED8E58}.Release|Any CPU.ActiveCfg = Release|x86
		{908A2887-78ED-4579-9EF3-6779F6ED8E58}.Release|Mixed Platforms.ActiveCfg = Release|x86
		{908A2887-78ED-4579-9EF3-6779F6ED8E58}.Release|Mixed Platforms.Build.0 = Release|x86
		{908A2887-78ED-4579-9EF3-6779F6ED8E58}.Release|x86.ActiveCfg = Release|x86
		{908A2887-78ED-4579-9EF3-6779F6ED8E58}.Release|x86.Build.0 = Release|x86
		{05B5C986-BE18-410E-8803-5F173561541A}.Debug|Any CPU.ActiveCfg = Debug|Any CPU
		{05B5C986-BE18-410E-8803-5F173561541A}.Debug|Any CPU.Build.0 = Debug|Any CPU
		{05B5C986-BE18-410E-8803-5F173561541A}.Debug|Mixed Platforms.ActiveCfg = Debug|Any CPU
		{05B5C986-BE18-410E-8803-5F173561541A}.Debug|Mixed Platforms.Build.0 = Debug|Any CPU
		{05B5C986-BE18-410E-8803-5F173561541A}.Debug|x86.ActiveCfg = Debug|Any CPU
		{05B5C986-BE18-410E-8803-5F173561541A}.Release|Any CPU.ActiveCfg = Release|Any CPU
		{05B5C986-BE18-410E-8803-5F173561541A}.Release|Any CPU.Build.0 = Release|Any CPU
		{05B5C986-BE18-410E-8803-5F173561541A}.Release|Mixed Platforms.ActiveCfg = Release|Any CPU
		{05B5C986-BE18-410E-8803-5F173561541A}.Release|Mixed Platforms.Build.0 = Release|Any CPU
		{05B5C986-BE18-410E-8803-5F173561541A}.Release|x86.ActiveCfg = Release|Any CPU
		{AA0877D7-0FEE-4A85-9C24-DD71103B80DD}.Debug|Any CPU.ActiveCfg = Debug|Any CPU
		{AA0877D7-0FEE-4A85-9C24-DD71103B80DD}.Debug|Any CPU.Build.0 = Debug|Any CPU
		{AA0877D7-0FEE-4A85-9C24-DD71103B80DD}.Debug|Mixed Platforms.ActiveCfg = Debug|Any CPU
		{AA0877D7-0FEE-4A85-9C24-DD71103B80DD}.Debug|Mixed Platforms.Build.0 = Debug|Any CPU
		{AA0877D7-0FEE-4A85-9C24-DD71103B80DD}.Debug|x86.ActiveCfg = Debug|Any CPU
		{AA0877D7-0FEE-4A85-9C24-DD71103B80DD}.Release|Any CPU.ActiveCfg = Release|Any CPU
		{AA0877D7-0FEE-4A85-9C24-DD71103B80DD}.Release|Any CPU.Build.0 = Release|Any CPU
		{AA0877D7-0FEE-4A85-9C24-DD71103B80DD}.Release|Mixed Platforms.ActiveCfg = Release|Any CPU
		{AA0877D7-0FEE-4A85-9C24-DD71103B80DD}.Release|Mixed Platforms.Build.0 = Release|Any CPU
		{AA0877D7-0FEE-4A85-9C24-DD71103B80DD}.Release|x86.ActiveCfg = Release|Any CPU
	EndGlobalSection
	GlobalSection(SolutionProperties) = preSolution
		HideSolutionNode = FALSE
	EndGlobalSection
	GlobalSection(NestedProjects) = preSolution
		{908A2887-78ED-4579-9EF3-6779F6ED8E58} = {B5EB8934-81A7-455F-8D2E-BB04A392947C}
		{05B5C986-BE18-410E-8803-5F173561541A} = {BD03BC51-03A0-4E31-AC4E-A53E82654F6F}
		{AA0877D7-0FEE-4A85-9C24-DD71103B80DD} = {76725DF6-1506-47D9-A32A-EA487A7DBD02}
	EndGlobalSection
EndGlobal
